
Microsoft Visual Studio Solution File, Format Version 12.00
# Visual Studio Version 18
VisualStudioVersion = 18.0.11010.61
MinimumVisualStudioVersion = 10.0.40219.1
Project("{2150E333-8FDC-42A3-9474-1A3956D46DE8}") = "src", "src", "{827E0CD3-B72D-47B6-A68D-7590B98EB39B}"
EndProject
Project("{FAE04EC0-301F-11D3-BF4B-00C04F79EFBC}") = "ThriftMedia.AppHost", "src\ThriftMedia.AppHost\ThriftMedia.AppHost.csproj", "{3E7A5590-B759-49BE-B73E-73B405FFD43F}"
EndProject
Project("{FAE04EC0-301F-11D3-BF4B-00C04F79EFBC}") = "ThriftMedia.ServiceDefaults", "src\ThriftMedia.ServiceDefaults\ThriftMedia.ServiceDefaults.csproj", "{69E5A569-802D-498F-A355-9EEE52AA9283}"
EndProject
Project("{FAE04EC0-301F-11D3-BF4B-00C04F79EFBC}") = "ThriftMedia.Api", "src\ThriftMedia.Api\ThriftMedia.Api.csproj", "{1B578C71-BE21-4E71-BE51-7D8ABA621BC8}"
EndProject
Project("{FAE04EC0-301F-11D3-BF4B-00C04F79EFBC}") = "ThriftMedia.Contracts", "src\ThriftMedia.Contracts\ThriftMedia.Contracts.csproj", "{8EA63BA6-C094-4395-A8E8-E1DCE3B5CF1C}"
EndProject
Project("{FAE04EC0-301F-11D3-BF4B-00C04F79EFBC}") = "ThriftMedia.Tests", "src\ThriftMedia.Tests\ThriftMedia.Tests.csproj", "{67E55974-1497-4F6F-BD83-B9437F85E0DF}"
EndProject
Project("{FAE04EC0-301F-11D3-BF4B-00C04F79EFBC}") = "ThriftMedia.Domain", "ThriftMedia.Domain\ThriftMedia.Domain.csproj", "{CC46FF1A-B766-44CB-8F03-1BA18CFF9020}"
EndProject
Project("{FAE04EC0-301F-11D3-BF4B-00C04F79EFBC}") = "ThriftMedia.Infrastructure", "src\ThriftMedia.Infrastructure\ThriftMedia.Infrastructure.csproj", "{C4730979-1EA4-44C0-A181-A583CC56A6EB}"
EndProject
Project("{FAE04EC0-301F-11D3-BF4B-00C04F79EFBC}") = "ThriftMedia.MediaProcessor", "src\ThriftMedia.MediaProcessor\ThriftMedia.MediaProcessor.csproj", "{B0D1DC0E-8B7A-4C46-8F2F-616B34FB01C8}"
EndProject
Global
	GlobalSection(SolutionConfigurationPlatforms) = preSolution
		Debug|Any CPU = Debug|Any CPU
		Debug|x64 = Debug|x64
		Debug|x86 = Debug|x86
		Release|Any CPU = Release|Any CPU
		Release|x64 = Release|x64
		Release|x86 = Release|x86
	EndGlobalSection
	GlobalSection(ProjectConfigurationPlatforms) = postSolution
		{3E7A5590-B759-49BE-B73E-73B405FFD43F}.Debug|Any CPU.ActiveCfg = Debug|Any CPU
		{3E7A5590-B759-49BE-B73E-73B405FFD43F}.Debug|Any CPU.Build.0 = Debug|Any CPU
		{3E7A5590-B759-49BE-B73E-73B405FFD43F}.Debug|x64.ActiveCfg = Debug|Any CPU
		{3E7A5590-B759-49BE-B73E-73B405FFD43F}.Debug|x64.Build.0 = Debug|Any CPU
		{3E7A5590-B759-49BE-B73E-73B405FFD43F}.Debug|x86.ActiveCfg = Debug|Any CPU
		{3E7A5590-B759-49BE-B73E-73B405FFD43F}.Debug|x86.Build.0 = Debug|Any CPU
		{3E7A5590-B759-49BE-B73E-73B405FFD43F}.Release|Any CPU.ActiveCfg = Release|Any CPU
		{3E7A5590-B759-49BE-B73E-73B405FFD43F}.Release|Any CPU.Build.0 = Release|Any CPU
		{3E7A5590-B759-49BE-B73E-73B405FFD43F}.Release|x64.ActiveCfg = Release|Any CPU
		{3E7A5590-B759-49BE-B73E-73B405FFD43F}.Release|x64.Build.0 = Release|Any CPU
		{3E7A5590-B759-49BE-B73E-73B405FFD43F}.Release|x86.ActiveCfg = Release|Any CPU
		{3E7A5590-B759-49BE-B73E-73B405FFD43F}.Release|x86.Build.0 = Release|Any CPU
		{69E5A569-802D-498F-A355-9EEE52AA9283}.Debug|Any CPU.ActiveCfg = Debug|Any CPU
		{69E5A569-802D-498F-A355-9EEE52AA9283}.Debug|Any CPU.Build.0 = Debug|Any CPU
		{69E5A569-802D-498F-A355-9EEE52AA9283}.Debug|x64.ActiveCfg = Debug|Any CPU
		{69E5A569-802D-498F-A355-9EEE52AA9283}.Debug|x64.Build.0 = Debug|Any CPU
		{69E5A569-802D-498F-A355-9EEE52AA9283}.Debug|x86.ActiveCfg = Debug|Any CPU
		{69E5A569-802D-498F-A355-9EEE52AA9283}.Debug|x86.Build.0 = Debug|Any CPU
		{69E5A569-802D-498F-A355-9EEE52AA9283}.Release|Any CPU.ActiveCfg = Release|Any CPU
		{69E5A569-802D-498F-A355-9EEE52AA9283}.Release|Any CPU.Build.0 = Release|Any CPU
		{69E5A569-802D-498F-A355-9EEE52AA9283}.Release|x64.ActiveCfg = Release|Any CPU
		{69E5A569-802D-498F-A355-9EEE52AA9283}.Release|x64.Build.0 = Release|Any CPU
		{69E5A569-802D-498F-A355-9EEE52AA9283}.Release|x86.ActiveCfg = Release|Any CPU
		{69E5A569-802D-498F-A355-9EEE52AA9283}.Release|x86.Build.0 = Release|Any CPU
		{1B578C71-BE21-4E71-BE51-7D8ABA621BC8}.Debug|Any CPU.ActiveCfg = Debug|Any CPU
		{1B578C71-BE21-4E71-BE51-7D8ABA621BC8}.Debug|Any CPU.Build.0 = Debug|Any CPU
		{1B578C71-BE21-4E71-BE51-7D8ABA621BC8}.Debug|x64.ActiveCfg = Debug|Any CPU
		{1B578C71-BE21-4E71-BE51-7D8ABA621BC8}.Debug|x64.Build.0 = Debug|Any CPU
		{1B578C71-BE21-4E71-BE51-7D8ABA621BC8}.Debug|x86.ActiveCfg = Debug|Any CPU
		{1B578C71-BE21-4E71-BE51-7D8ABA621BC8}.Debug|x86.Build.0 = Debug|Any CPU
		{1B578C71-BE21-4E71-BE51-7D8ABA621BC8}.Release|Any CPU.ActiveCfg = Release|Any CPU
		{1B578C71-BE21-4E71-BE51-7D8ABA621BC8}.Release|Any CPU.Build.0 = Release|Any CPU
		{1B578C71-BE21-4E71-BE51-7D8ABA621BC8}.Release|x64.ActiveCfg = Release|Any CPU
		{1B578C71-BE21-4E71-BE51-7D8ABA621BC8}.Release|x64.Build.0 = Release|Any CPU
		{1B578C71-BE21-4E71-BE51-7D8ABA621BC8}.Release|x86.ActiveCfg = Release|Any CPU
		{1B578C71-BE21-4E71-BE51-7D8ABA621BC8}.Release|x86.Build.0 = Release|Any CPU
		{8EA63BA6-C094-4395-A8E8-E1DCE3B5CF1C}.Debug|Any CPU.ActiveCfg = Debug|Any CPU
		{8EA63BA6-C094-4395-A8E8-E1DCE3B5CF1C}.Debug|Any CPU.Build.0 = Debug|Any CPU
		{8EA63BA6-C094-4395-A8E8-E1DCE3B5CF1C}.Debug|x64.ActiveCfg = Debug|Any CPU
		{8EA63BA6-C094-4395-A8E8-E1DCE3B5CF1C}.Debug|x64.Build.0 = Debug|Any CPU
		{8EA63BA6-C094-4395-A8E8-E1DCE3B5CF1C}.Debug|x86.ActiveCfg = Debug|Any CPU
		{8EA63BA6-C094-4395-A8E8-E1DCE3B5CF1C}.Debug|x86.Build.0 = Debug|Any CPU
		{8EA63BA6-C094-4395-A8E8-E1DCE3B5CF1C}.Release|Any CPU.ActiveCfg = Release|Any CPU
		{8EA63BA6-C094-4395-A8E8-E1DCE3B5CF1C}.Release|Any CPU.Build.0 = Release|Any CPU
		{8EA63BA6-C094-4395-A8E8-E1DCE3B5CF1C}.Release|x64.ActiveCfg = Release|Any CPU
		{8EA63BA6-C094-4395-A8E8-E1DCE3B5CF1C}.Release|x64.Build.0 = Release|Any CPU
		{8EA63BA6-C094-4395-A8E8-E1DCE3B5CF1C}.Release|x86.ActiveCfg = Release|Any CPU
		{8EA63BA6-C094-4395-A8E8-E1DCE3B5CF1C}.Release|x86.Build.0 = Release|Any CPU
		{67E55974-1497-4F6F-BD83-B9437F85E0DF}.Debug|Any CPU.ActiveCfg = Debug|Any CPU
		{67E55974-1497-4F6F-BD83-B9437F85E0DF}.Debug|Any CPU.Build.0 = Debug|Any CPU
		{67E55974-1497-4F6F-BD83-B9437F85E0DF}.Debug|x64.ActiveCfg = Debug|Any CPU
		{67E55974-1497-4F6F-BD83-B9437F85E0DF}.Debug|x64.Build.0 = Debug|Any CPU
		{67E55974-1497-4F6F-BD83-B9437F85E0DF}.Debug|x86.ActiveCfg = Debug|Any CPU
		{67E55974-1497-4F6F-BD83-B9437F85E0DF}.Debug|x86.Build.0 = Debug|Any CPU
		{67E55974-1497-4F6F-BD83-B9437F85E0DF}.Release|Any CPU.ActiveCfg = Release|Any CPU
		{67E55974-1497-4F6F-BD83-B9437F85E0DF}.Release|Any CPU.Build.0 = Release|Any CPU
		{67E55974-1497-4F6F-BD83-B9437F85E0DF}.Release|x64.ActiveCfg = Release|Any CPU
		{67E55974-1497-4F6F-BD83-B9437F85E0DF}.Release|x64.Build.0 = Release|Any CPU
		{67E55974-1497-4F6F-BD83-B9437F85E0DF}.Release|x86.ActiveCfg = Release|Any CPU
		{67E55974-1497-4F6F-BD83-B9437F85E0DF}.Release|x86.Build.0 = Release|Any CPU
		{CC46FF1A-B766-44CB-8F03-1BA18CFF9020}.Debug|Any CPU.ActiveCfg = Debug|Any CPU
		{CC46FF1A-B766-44CB-8F03-1BA18CFF9020}.Debug|Any CPU.Build.0 = Debug|Any CPU
		{CC46FF1A-B766-44CB-8F03-1BA18CFF9020}.Debug|x64.ActiveCfg = Debug|Any CPU
		{CC46FF1A-B766-44CB-8F03-1BA18CFF9020}.Debug|x64.Build.0 = Debug|Any CPU
		{CC46FF1A-B766-44CB-8F03-1BA18CFF9020}.Debug|x86.ActiveCfg = Debug|Any CPU
		{CC46FF1A-B766-44CB-8F03-1BA18CFF9020}.Debug|x86.Build.0 = Debug|Any CPU
		{CC46FF1A-B766-44CB-8F03-1BA18CFF9020}.Release|Any CPU.ActiveCfg = Release|Any CPU
		{CC46FF1A-B766-44CB-8F03-1BA18CFF9020}.Release|Any CPU.Build.0 = Release|Any CPU
		{CC46FF1A-B766-44CB-8F03-1BA18CFF9020}.Release|x64.ActiveCfg = Release|Any CPU
		{CC46FF1A-B766-44CB-8F03-1BA18CFF9020}.Release|x64.Build.0 = Release|Any CPU
		{CC46FF1A-B766-44CB-8F03-1BA18CFF9020}.Release|x86.ActiveCfg = Release|Any CPU
		{CC46FF1A-B766-44CB-8F03-1BA18CFF9020}.Release|x86.Build.0 = Release|Any CPU
		{C4730979-1EA4-44C0-A181-A583CC56A6EB}.Debug|Any CPU.ActiveCfg = Debug|Any CPU
		{C4730979-1EA4-44C0-A181-A583CC56A6EB}.Debug|Any CPU.Build.0 = Debug|Any CPU
		{C4730979-1EA4-44C0-A181-A583CC56A6EB}.Debug|x64.ActiveCfg = Debug|Any CPU
		{C4730979-1EA4-44C0-A181-A583CC56A6EB}.Debug|x64.Build.0 = Debug|Any CPU
		{C4730979-1EA4-44C0-A181-A583CC56A6EB}.Debug|x86.ActiveCfg = Debug|Any CPU
		{C4730979-1EA4-44C0-A181-A583CC56A6EB}.Debug|x86.Build.0 = Debug|Any CPU
		{C4730979-1EA4-44C0-A181-A583CC56A6EB}.Release|Any CPU.ActiveCfg = Release|Any CPU
		{C4730979-1EA4-44C0-A181-A583CC56A6EB}.Release|Any CPU.Build.0 = Release|Any CPU
		{C4730979-1EA4-44C0-A181-A583CC56A6EB}.Release|x64.ActiveCfg = Release|Any CPU
		{C4730979-1EA4-44C0-A181-A583CC56A6EB}.Release|x64.Build.0 = Release|Any CPU
		{C4730979-1EA4-44C0-A181-A583CC56A6EB}.Release|x86.ActiveCfg = Release|Any CPU
		{C4730979-1EA4-44C0-A181-A583CC56A6EB}.Release|x86.Build.0 = Release|Any CPU
		{B0D1DC0E-8B7A-4C46-8F2F-616B34FB01C8}.Debug|Any CPU.ActiveCfg = Debug|Any CPU
		{B0D1DC0E-8B7A-4C46-8F2F-616B34FB01C8}.Debug|Any CPU.Build.0 = Debug|Any CPU
		{B0D1DC0E-8B7A-4C46-8F2F-616B34FB01C8}.Debug|x64.ActiveCfg = Debug|Any CPU
		{B0D1DC0E-8B7A-4C46-8F2F-616B34FB01C8}.Debug|x64.Build.0 = Debug|Any CPU
		{B0D1DC0E-8B7A-4C46-8F2F-616B34FB01C8}.Debug|x86.ActiveCfg = Debug|Any CPU
		{B0D1DC0E-8B7A-4C46-8F2F-616B34FB01C8}.Debug|x86.Build.0 = Debug|Any CPU
		{B0D1DC0E-8B7A-4C46-8F2F-616B34FB01C8}.Release|Any CPU.ActiveCfg = Release|Any CPU
		{B0D1DC0E-8B7A-4C46-8F2F-616B34FB01C8}.Release|Any CPU.Build.0 = Release|Any CPU
		{B0D1DC0E-8B7A-4C46-8F2F-616B34FB01C8}.Release|x64.ActiveCfg = Release|Any CPU
		{B0D1DC0E-8B7A-4C46-8F2F-616B34FB01C8}.Release|x64.Build.0 = Release|Any CPU
		{B0D1DC0E-8B7A-4C46-8F2F-616B34FB01C8}.Release|x86.ActiveCfg = Release|Any CPU
		{B0D1DC0E-8B7A-4C46-8F2F-616B34FB01C8}.Release|x86.Build.0 = Release|Any CPU
	EndGlobalSection
	GlobalSection(SolutionProperties) = preSolution
		HideSolutionNode = FALSE
	EndGlobalSection
	GlobalSection(NestedProjects) = preSolution
		{3E7A5590-B759-49BE-B73E-73B405FFD43F} = {827E0CD3-B72D-47B6-A68D-7590B98EB39B}
		{69E5A569-802D-498F-A355-9EEE52AA9283} = {827E0CD3-B72D-47B6-A68D-7590B98EB39B}
		{1B578C71-BE21-4E71-BE51-7D8ABA621BC8} = {827E0CD3-B72D-47B6-A68D-7590B98EB39B}
		{8EA63BA6-C094-4395-A8E8-E1DCE3B5CF1C} = {827E0CD3-B72D-47B6-A68D-7590B98EB39B}
		{67E55974-1497-4F6F-BD83-B9437F85E0DF} = {827E0CD3-B72D-47B6-A68D-7590B98EB39B}
		{CC46FF1A-B766-44CB-8F03-1BA18CFF9020} = {827E0CD3-B72D-47B6-A68D-7590B98EB39B}
		{C4730979-1EA4-44C0-A181-A583CC56A6EB} = {827E0CD3-B72D-47B6-A68D-7590B98EB39B}
		{B0D1DC0E-8B7A-4C46-8F2F-616B34FB01C8} = {827E0CD3-B72D-47B6-A68D-7590B98EB39B}
	EndGlobalSection
	GlobalSection(ExtensibilityGlobals) = postSolution
		SolutionGuid = {0F8F1201-C07B-4701-95FE-276EBD4991EA}
	EndGlobalSection
EndGlobal
